
Microsoft Visual Studio Solution File, Format Version 12.00
# Visual Studio Version 17
VisualStudioVersion = 17.7.34009.444
MinimumVisualStudioVersion = 10.0.40219.1
Project("{9A19103F-16F7-4668-BE54-9A1E7A4F7556}") = "AdornerAnchorPanel", "AdornerAnchorPanel\AdornerAnchorPanel.csproj", "{F29EE54C-01A4-4BE6-A6C7-92BB9BBACB8B}"
EndProject
Project("{9A19103F-16F7-4668-BE54-9A1E7A4F7556}") = "AAPDemo", "AAPDemo\AAPDemo.csproj", "{3A183809-E729-491F-856D-73E6E61EE470}"
EndProject
Global
	GlobalSection(SolutionConfigurationPlatforms) = preSolution
		Debug|Any CPU = Debug|Any CPU
		Release|Any CPU = Release|Any CPU
	EndGlobalSection
	GlobalSection(ProjectConfigurationPlatforms) = postSolution
		{F29EE54C-01A4-4BE6-A6C7-92BB9BBACB8B}.Debug|Any CPU.ActiveCfg = Debug|Any CPU
		{F29EE54C-01A4-4BE6-A6C7-92BB9BBACB8B}.Debug|Any CPU.Build.0 = Debug|Any CPU
		{F29EE54C-01A4-4BE6-A6C7-92BB9BBACB8B}.Release|Any CPU.ActiveCfg = Release|Any CPU
		{F29EE54C-01A4-4BE6-A6C7-92BB9BBACB8B}.Release|Any CPU.Build.0 = Release|Any CPU
		{3A183809-E729-491F-856D-73E6E61EE470}.Debug|Any CPU.ActiveCfg = Debug|Any CPU
		{3A183809-E729-491F-856D-73E6E61EE470}.Debug|Any CPU.Build.0 = Debug|Any CPU
		{3A183809-E729-491F-856D-73E6E61EE470}.Release|Any CPU.ActiveCfg = Release|Any CPU
		{3A183809-E729-491F-856D-73E6E61EE470}.Release|Any CPU.Build.0 = Release|Any CPU
	EndGlobalSection
	GlobalSection(SolutionProperties) = preSolution
		HideSolutionNode = FALSE
	EndGlobalSection
	GlobalSection(ExtensibilityGlobals) = postSolution
		SolutionGuid = {90E2A75D-AB27-49D1-BC81-C37B881DFF81}
	EndGlobalSection
EndGlobal
